
Microsoft Visual Studio Solution File, Format Version 12.00
# Visual Studio 15
VisualStudioVersion = 15.0.27130.2010
MinimumVisualStudioVersion = 10.0.40219.1
Project("{FAE04EC0-301F-11D3-BF4B-00C04F79EFBC}") = "EventsAndDelegates", "EventsAndDelegates\EventsAndDelegates.csproj", "{1046631F-DB8F-4FA6-A981-122B5D5F07A3}"
EndProject
Global
	GlobalSection(SolutionConfigurationPlatforms) = preSolution
		Debug|Any CPU = Debug|Any CPU
		Release|Any CPU = Release|Any CPU
	EndGlobalSection
	GlobalSection(ProjectConfigurationPlatforms) = postSolution
		{1046631F-DB8F-4FA6-A981-122B5D5F07A3}.Debug|Any CPU.ActiveCfg = Debug|Any CPU
		{1046631F-DB8F-4FA6-A981-122B5D5F07A3}.Debug|Any CPU.Build.0 = Debug|Any CPU
		{1046631F-DB8F-4FA6-A981-122B5D5F07A3}.Release|Any CPU.ActiveCfg = Release|Any CPU
		{1046631F-DB8F-4FA6-A981-122B5D5F07A3}.Release|Any CPU.Build.0 = Release|Any CPU
	EndGlobalSection
	GlobalSection(SolutionProperties) = preSolution
		HideSolutionNode = FALSE
	EndGlobalSection
	GlobalSection(ExtensibilityGlobals) = postSolution
		SolutionGuid = {D41BB082-E155-4E77-B068-83ABD0016143}
	EndGlobalSection
EndGlobal
